{
  "name": "hidden-state",
  "version": "1.1.0",
  "lockfileVersion": 1,
  "requires": true,
  "dependencies": {
    "@zenparsing/skert": {
      "version": "0.0.7",
      "resolved": "https://registry.npmjs.org/@zenparsing/skert/-/skert-0.0.7.tgz",
      "integrity": "sha512-nteIpw8CvDLcZzFc1IvDWODdsbuxk0RTnsaw16rQRI4OGSFDjnrsIW/xn06PZFcgHASMz8m0jaSOVVomqApK1w==",
      "dev": true
    }
  }
}
