{
  "name": "hidden-state",
  "version": "1.0.0",
  "lockfileVersion": 1,
  "requires": true,
  "dependencies": {
    "annotated": {
      "version": "0.3.1",
      "resolved": "https://registry.npmjs.org/annotated/-/annotated-0.3.1.tgz",
      "integrity": "sha512-eT2k0gIhuOL6JFDaRXUDIiyAbDFVvZVMiVCHCyEc08QlsOyFkXDiGGmVXA7YYHo2w0lIOpb3FuAG5KNXdMFU4g==",
      "dev": true
    }
  }
}
