{
  "name": "hidden-state",
  "version": "1.0.0",
  "lockfileVersion": 1,
  "requires": true,
  "dependencies": {
    "annotated": {
      "version": "0.3.7",
      "resolved": "https://registry.npmjs.org/annotated/-/annotated-0.3.7.tgz",
      "integrity": "sha512-EeVMuH9/zzonTRSZuoxaamrs0HjpAWM/egFPOF44+qABdWgpM4RZFX5YeYTg8uGCjARx0JeRlhA8dOCIku6AHg==",
      "dev": true
    }
  }
}
